
Microsoft Visual Studio Solution File, Format Version 12.00
# Visual Studio Version 17
VisualStudioVersion = 17.4.33205.214
MinimumVisualStudioVersion = 10.0.40219.1
Project("{FAE04EC0-301F-11D3-BF4B-00C04F79EFBC}") = "WebApiIntegrationDemo", "WebApiIntegrationDemo\WebApiIntegrationDemo.csproj", "{9255C92D-E81E-4EBC-B551-F49B3DEB6089}"
EndProject
Global
	GlobalSection(SolutionConfigurationPlatforms) = preSolution
		Debug|Any CPU = Debug|Any CPU
		Release|Any CPU = Release|Any CPU
	EndGlobalSection
	GlobalSection(ProjectConfigurationPlatforms) = postSolution
		{9255C92D-E81E-4EBC-B551-F49B3DEB6089}.Debug|Any CPU.ActiveCfg = Debug|Any CPU
		{9255C92D-E81E-4EBC-B551-F49B3DEB6089}.Debug|Any CPU.Build.0 = Debug|Any CPU
		{9255C92D-E81E-4EBC-B551-F49B3DEB6089}.Release|Any CPU.ActiveCfg = Release|Any CPU
		{9255C92D-E81E-4EBC-B551-F49B3DEB6089}.Release|Any CPU.Build.0 = Release|Any CPU
	EndGlobalSection
	GlobalSection(SolutionProperties) = preSolution
		HideSolutionNode = FALSE
	EndGlobalSection
	GlobalSection(ExtensibilityGlobals) = postSolution
		SolutionGuid = {2BAC3088-EE70-4B12-8C40-6A5308A23DD6}
	EndGlobalSection
EndGlobal
